
Microsoft Visual Studio Solution File, Format Version 12.00
# Visual Studio Version 17
VisualStudioVersion = 17.2.32630.192
MinimumVisualStudioVersion = 10.0.40219.1
Project("{FAE04EC0-301F-11D3-BF4B-00C04F79EFBC}") = "Lab3_4", "Lab3_4\Lab3_4.csproj", "{3A9BF7E5-1363-4E4F-9E87-EB83BDCDA82E}"
EndProject
Global
	GlobalSection(SolutionConfigurationPlatforms) = preSolution
		Debug|Any CPU = Debug|Any CPU
		Release|Any CPU = Release|Any CPU
	EndGlobalSection
	GlobalSection(ProjectConfigurationPlatforms) = postSolution
		{3A9BF7E5-1363-4E4F-9E87-EB83BDCDA82E}.Debug|Any CPU.ActiveCfg = Debug|Any CPU
		{3A9BF7E5-1363-4E4F-9E87-EB83BDCDA82E}.Debug|Any CPU.Build.0 = Debug|Any CPU
		{3A9BF7E5-1363-4E4F-9E87-EB83BDCDA82E}.Release|Any CPU.ActiveCfg = Release|Any CPU
		{3A9BF7E5-1363-4E4F-9E87-EB83BDCDA82E}.Release|Any CPU.Build.0 = Release|Any CPU
	EndGlobalSection
	GlobalSection(SolutionProperties) = preSolution
		HideSolutionNode = FALSE
	EndGlobalSection
	GlobalSection(ExtensibilityGlobals) = postSolution
		SolutionGuid = {43E3210A-392F-4592-BC4C-60B90B8CCD30}
	EndGlobalSection
EndGlobal
